{
  "version": "3",
  "packages": {
    "specifiers": {
      "jsr:@oak/commons@0.7": "jsr:@oak/commons@0.7.0",
      "jsr:@std/assert@0.218": "jsr:@std/assert@0.218.2",
      "jsr:@std/assert@^0.218.2": "jsr:@std/assert@0.218.2",
      "jsr:@std/bytes@0.218": "jsr:@std/bytes@0.218.2",
      "jsr:@std/bytes@^0.218.2": "jsr:@std/bytes@0.218.2",
      "jsr:@std/crypto@0.218": "jsr:@std/crypto@0.218.2",
      "jsr:@std/encoding@0.218": "jsr:@std/encoding@0.218.2",
      "jsr:@std/encoding@^0.218.2": "jsr:@std/encoding@0.218.2",
      "jsr:@std/http@0.218": "jsr:@std/http@0.218.2",
      "jsr:@std/io@0.218": "jsr:@std/io@0.218.2",
      "jsr:@std/media-types@0.218": "jsr:@std/media-types@0.218.2",
      "jsr:@std/path@0.218": "jsr:@std/path@0.218.2",
      "npm:path-to-regexp@6.2.1": "npm:path-to-regexp@6.2.1"
    },
    "jsr": {
      "@oak/commons@0.7.0": {
        "integrity": "4bd889b3dc9ddac1b602034d88c137f06de7078775961b51081beb5f175c120b"
      },
      "@std/assert@0.218.2": {
        "integrity": "7f0a5a1a8cf86607cd6c2c030584096e1ffad27fc9271429a8cb48cfbdee5eaf"
      },
      "@std/bytes@0.218.2": {
        "integrity": "91fe54b232dcca73856b79a817247f4a651dbb60d51baafafb6408c137241670"
      },
      "@std/crypto@0.218.2": {
        "integrity": "8c5031a3a1c3ac3bed3c0d4bed2fe7e7faedcb673bbfa0edd10570c8452f5cd2",
        "dependencies": [
          "jsr:@std/assert@^0.218.2",
          "jsr:@std/encoding@^0.218.2"
        ]
      },
      "@std/encoding@0.218.2": {
        "integrity": "da55a763c29bf0dbf06fd286430b358266eb99c28789d89fe9a3e28edecb8d8e"
      },
      "@std/http@0.218.2": {
        "integrity": "54223b62702e665b9dab6373ea2e51235e093ef47228d21cfa0469ee5ac75c9b",
        "dependencies": [
          "jsr:@std/assert@^0.218.2",
          "jsr:@std/encoding@^0.218.2"
        ]
      },
      "@std/io@0.218.2": {
        "integrity": "c64fbfa087b7c9d4d386c5672f291f607d88cb7d44fc299c20c713e345f2785f",
        "dependencies": [
          "jsr:@std/bytes@^0.218.2"
        ]
      },
      "@std/media-types@0.218.2": {
        "integrity": "1ed3bd2a05e44bad3fc2bab1767d0ce7f2fd68baee62a980751ce51633acb788"
      },
      "@std/path@0.218.2": {
        "integrity": "b568fd923d9e53ad76d17c513e7310bda8e755a3e825e6289a0ce536404e2662",
        "dependencies": [
          "jsr:@std/assert@^0.218.2"
        ]
      }
    },
    "npm": {
      "path-to-regexp@6.2.1": {
        "integrity": "sha512-JLyh7xT1kizaEvcaXOQwOc2/Yhw6KZOvPf1S8401UyLk86CU79LN3vl7ztXGm/pZ+YjoyAJ4rxmHwbkBXJX+yw==",
        "dependencies": {}
      }
    }
  },
  "remote": {
    "https://deno.land/std@0.150.0/media_types/_util.ts": "ce9b4fc4ba1c447dafab619055e20fd88236ca6bdd7834a21f98bd193c3fbfa1",
    "https://deno.land/std@0.150.0/media_types/mod.ts": "2d4b6f32a087029272dc59e0a55ae3cc4d1b27b794ccf528e94b1925795b3118",
    "https://deno.land/std@0.150.0/media_types/vendor/mime-db.v1.52.0.ts": "724cee25fa40f1a52d3937d6b4fbbfdd7791ff55e1b7ac08d9319d5632c7f5af",
    "https://deno.land/std@0.221.0/assert/assert.ts": "bec068b2fccdd434c138a555b19a2c2393b71dfaada02b7d568a01541e67cdc5",
    "https://deno.land/std@0.221.0/assert/assertion_error.ts": "9f689a101ee586c4ce92f52fa7ddd362e86434ffdf1f848e45987dc7689976b8",
    "https://deno.land/std@0.221.0/crypto/_wasm/lib/deno_std_wasm_crypto.generated.mjs": "f65ea775c52c5641f0154d98d6059e261ca3dc917a8856209d60bc6cb406e699",
    "https://deno.land/std@0.221.0/crypto/_wasm/mod.ts": "e89fbbc3c4722602ff975dd85f18273c7741ec766a9b68f6de4fd1d9876409f8",
    "https://deno.land/std@0.221.0/crypto/crypto.ts": "7ccd24e766d026d92ee1260b5a1639624775e94456d2a95c3a42fd3d49df78ab",
    "https://deno.land/std@0.221.0/crypto/mod.ts": "9148fb70ca3d64977e9487b2002d3b1026e8ad8a2078774b807586ba3c77e3bb",
    "https://deno.land/std@0.221.0/crypto/timing_safe_equal.ts": "bc3622b5aec05e2d8b735bf60633425c34333c06cfb6c4a9f102e4a0f3931ced",
    "https://deno.land/std@0.221.0/crypto/unstable_keystack.ts": "c2a6f6ed67a4e78745e3c9b490ebb7c12f6066f5c2fe0c69d353961909dc82dd",
    "https://deno.land/std@0.221.0/encoding/_util.ts": "beacef316c1255da9bc8e95afb1fa56ed69baef919c88dc06ae6cb7a6103d376",
    "https://deno.land/std@0.221.0/encoding/base64.ts": "8ccae67a1227b875340a8582ff707f37b131df435b07080d3bb58e07f5f97807",
    "https://deno.land/std@0.221.0/encoding/base64url.ts": "9cc46cf510436be63ac00ebf97a7de1993e603ca58e1853b344bf90d80ea9945",
    "https://deno.land/std@0.221.0/http/status.ts": "ed61b4882af2514a81aefd3245e8df4c47b9a8e54929a903577643d2d1ebf514",
    "https://deno.land/x/b64@1.1.27/src/base64.js": "9e10b98e4203d030bc913913a2e4683b4842aff337bc9ec2643a28dfe04b5fc4",
    "https://deno.land/x/jose@v5.2.3/index.ts": "1c955404289ff08dc03d31fc8ce3186ffeaae9ac0fdcf3f128f047ce770bf559",
    "https://deno.land/x/jose@v5.2.3/jwe/compact/decrypt.ts": "2d32f0b41e1cc4f428b6dcae1c8931fae9756d7ece45d9e870c558ed1ab27bc8",
    "https://deno.land/x/jose@v5.2.3/jwe/compact/encrypt.ts": "d147705bc7e2675cfb546f78676ec91f432c93ff28022f7125a71d72454bec90",
    "https://deno.land/x/jose@v5.2.3/jwe/flattened/decrypt.ts": "3393ab6561e532c8a3d472c5174c7b7c630cc36f06560cc71d6b7a0b69371825",
    "https://deno.land/x/jose@v5.2.3/jwe/flattened/encrypt.ts": "6b2bf29ebbf3156e035b36a2d5968bdf8966ea09d3dbc49bc46cc6b22bc3a8fc",
    "https://deno.land/x/jose@v5.2.3/jwe/general/decrypt.ts": "f9c702cbc7d380b8f314bd001f5ac339b1505754c0d22348135fe05ff98306bf",
    "https://deno.land/x/jose@v5.2.3/jwe/general/encrypt.ts": "760901c766461a4256dbcc7691354a1a66519c82c87615c01c2e49660207c040",
    "https://deno.land/x/jose@v5.2.3/jwk/embedded.ts": "eaa14282f8e0cf757ed3d26a2d278e1bc15a178954e86fc601719be8f32abd74",
    "https://deno.land/x/jose@v5.2.3/jwk/thumbprint.ts": "dddb12cfccb323b1d49e56ac8250bcaa3740d632376dc58ebb16491e3e574e3d",
    "https://deno.land/x/jose@v5.2.3/jwks/local.ts": "cb166cf207631f38b31f217491d19e9ceaa01abdba947452170c0f781730796e",
    "https://deno.land/x/jose@v5.2.3/jwks/remote.ts": "6631a47ab75749e9827708e7f10f77d13fe0675a4982f65dce688ae448954761",
    "https://deno.land/x/jose@v5.2.3/jws/compact/sign.ts": "1e88d19dc26d3ea5f2ce3da989813daf5c555d8dec6528051530f7b5a3e87bae",
    "https://deno.land/x/jose@v5.2.3/jws/compact/verify.ts": "ec53206a9b8732117a93b928acb134a13abdd7803dd09835b597867678107426",
    "https://deno.land/x/jose@v5.2.3/jws/flattened/sign.ts": "0ccf19562026e0678b0e62c0788b375b443b597986cd0c84f1929cdb2bd1048d",
    "https://deno.land/x/jose@v5.2.3/jws/flattened/verify.ts": "cdd8ede7d302cd0411983305fa5186f76119b6dd50a85fcfac19a0e1a9ec1796",
    "https://deno.land/x/jose@v5.2.3/jws/general/sign.ts": "b40b40ce59f12dc58d30a553cb865821d8c2487513c144f608163e847d5a5375",
    "https://deno.land/x/jose@v5.2.3/jws/general/verify.ts": "46043b2c4e2829e88d889a434f4dd3cab4d9865b324abc3b02a61cb738e59d74",
    "https://deno.land/x/jose@v5.2.3/jwt/decrypt.ts": "2d541db2380760634bf20e8dfacabbf97aa5f80eb77735400c9e43cfe397234c",
    "https://deno.land/x/jose@v5.2.3/jwt/encrypt.ts": "b9a6de7c7ac4797d2f97f47481538752e0623e40c99cc98056cc2ae957129875",
    "https://deno.land/x/jose@v5.2.3/jwt/produce.ts": "c1f66aedfa626e81d34ab44330d580cbfe4588f57a6ff7669b986d909fae02aa",
    "https://deno.land/x/jose@v5.2.3/jwt/sign.ts": "54d0a761056edeec428a956abd8db034a20536d87fc7b7a2d4fbf953e931aa37",
    "https://deno.land/x/jose@v5.2.3/jwt/unsecured.ts": "6d930c64c05477b1e9c95219f766816698b9a099213270f6d8059af414767aca",
    "https://deno.land/x/jose@v5.2.3/jwt/verify.ts": "905cb1f2ca01157a9f38e5dfd3495306e348b9ca84e70c359d4731afcec19a64",
    "https://deno.land/x/jose@v5.2.3/key/export.ts": "5addf06a10ce16bb24e630a8f0e5473eff2cbc1ac549ba29fd8ecf0610778edc",
    "https://deno.land/x/jose@v5.2.3/key/generate_key_pair.ts": "6ef50b33427eab5c895189774b562e61c7195609d5701a8e5b0357181a8062e4",
    "https://deno.land/x/jose@v5.2.3/key/generate_secret.ts": "3f87f5df76b8d05613e134660297285bece39a40b10640b7cf66417cfcaee32f",
    "https://deno.land/x/jose@v5.2.3/key/import.ts": "697efbc4621f1707784bbba6e204145c6756536bdad13851226faff6f40a155c",
    "https://deno.land/x/jose@v5.2.3/lib/aesgcmkw.ts": "6d307f6710b2879fdde07c8e39688ece9019f02170334aa216db4878fc7a6ac8",
    "https://deno.land/x/jose@v5.2.3/lib/buffer_utils.ts": "0b64941bf694bc810b2c917b61474be46c54854da76bb42b20f1642102542ff1",
    "https://deno.land/x/jose@v5.2.3/lib/cek.ts": "a474becfe1c2d86fbcf3a24cdcd96274beb8d61bd17926e5f345001f39df922b",
    "https://deno.land/x/jose@v5.2.3/lib/check_iv_length.ts": "118eb531167126c8421d71a21f2cfdc10a658c933e178b33395ef3e962c54f80",
    "https://deno.land/x/jose@v5.2.3/lib/check_key_type.ts": "81f5a2c3764464d2b917a1c55c6011d312184e8c68e43bee51565c2db1b166c4",
    "https://deno.land/x/jose@v5.2.3/lib/check_p2s.ts": "2f5549e121c43019ac85a3bb3fe8cb98a397122dcaa80f3cd8bf5fcf314e1f67",
    "https://deno.land/x/jose@v5.2.3/lib/crypto_key.ts": "b75ba81390a90ea741cf174117d96e7851b221ebd9b0dfb806061175c24aed4f",
    "https://deno.land/x/jose@v5.2.3/lib/decrypt_key_management.ts": "9551fc03b4952c7771e76aec46b568f28c34950811d86eb13893eb565946ddf6",
    "https://deno.land/x/jose@v5.2.3/lib/encrypt_key_management.ts": "ec08f264e7dde341171d6272e9db639ae3718cc7047b3117735ab960d9bd01d4",
    "https://deno.land/x/jose@v5.2.3/lib/epoch.ts": "cd608f73f6c100e8156c6020ec2bce6757e01759793f0d6aab23908d3d2ea933",
    "https://deno.land/x/jose@v5.2.3/lib/format_pem.ts": "b5230682e7a89609238015b77f33afd248f3e0f69bcb5895eece2f86d83100f6",
    "https://deno.land/x/jose@v5.2.3/lib/invalid_key_input.ts": "55cebdd0eaf3f2bc3c9a2a814bef94e7fc72ed58faafaad8d6c2e4b759139427",
    "https://deno.land/x/jose@v5.2.3/lib/is_disjoint.ts": "b5ea1cb260899f5cfb04f032029956e637067714a275d13be429fc53287a4b17",
    "https://deno.land/x/jose@v5.2.3/lib/is_object.ts": "43549ddc51a3b3d4c22b953b191a961fbb61fb5081e8efb88ad075afa1f4d214",
    "https://deno.land/x/jose@v5.2.3/lib/iv.ts": "4766d9ad87b478bb7344094f38c8561181b72f8678edd1b5226d1e0f9ab677fc",
    "https://deno.land/x/jose@v5.2.3/lib/jwt_claims_set.ts": "927514104e4572604a7a00b6c32cdff5cee19423483d9a495a97195136aa4f96",
    "https://deno.land/x/jose@v5.2.3/lib/secs.ts": "40e09916007b3a393f20265ea84dc1df43974e86ec796ce0e5e6724f5917a2b8",
    "https://deno.land/x/jose@v5.2.3/lib/validate_algorithms.ts": "6b20f4b5f6935cd9edcd6eb2128226144ba792eaa7c47966c666a51baf1682eb",
    "https://deno.land/x/jose@v5.2.3/lib/validate_crit.ts": "b1214ae1413c969efdca2392c6feea9c3b92c531fc7e137c23397e0430421b86",
    "https://deno.land/x/jose@v5.2.3/runtime/aeskw.ts": "a9bd412c6d07b2606520972671a545cdb205f79f0a2e9ec0fb145fb2147319e1",
    "https://deno.land/x/jose@v5.2.3/runtime/asn1.ts": "013a633b824c18663c8c7f7ec8691bfe3dfef82ee58650de0c6d8ee26154bb6a",
    "https://deno.land/x/jose@v5.2.3/runtime/base64url.ts": "74ecb18b90de56bcc4424b6c911cfe49b56dd4a316978f5c8ee9a23560069636",
    "https://deno.land/x/jose@v5.2.3/runtime/bogus.ts": "4f1c967b0d9b4e7105e16ad8c173da55708f377ee5e201d8ee5fc613f3417f08",
    "https://deno.land/x/jose@v5.2.3/runtime/check_cek_length.ts": "2ee093fcb273602449ed7863ab6bd4dd2a7aeff99507e0573e3cd4b8d8099e5d",
    "https://deno.land/x/jose@v5.2.3/runtime/check_key_length.ts": "5656870cc4460602775134280bf46f17e27100b237bdb5c687aceabeffc8f2a2",
    "https://deno.land/x/jose@v5.2.3/runtime/decrypt.ts": "c53c80b90892b45f39d58e75a46f53032b131f2d9f5b6b74ddd215c79ca3ed8b",
    "https://deno.land/x/jose@v5.2.3/runtime/digest.ts": "cee73fad56ce596ffedc56811d174ab413e7981eb847eb67c0e77f213cc2ac2d",
    "https://deno.land/x/jose@v5.2.3/runtime/ecdhes.ts": "74a6f43dde87736179d814312b010087bea0c834f51adc9a93f79664f78cb75f",
    "https://deno.land/x/jose@v5.2.3/runtime/encrypt.ts": "a5a89b21010d3dda51544020fe4b2ab0d5d91e10044490fccc1af3d5104e8547",
    "https://deno.land/x/jose@v5.2.3/runtime/fetch_jwks.ts": "34b71aa6bbd51984d1009792499ea17133dcb11bf2f2d8fba60e8090d900fc20",
    "https://deno.land/x/jose@v5.2.3/runtime/generate.ts": "12473775d22140aa6ec9697a5b83cfb63581831f435b005577613b0ecaf33774",
    "https://deno.land/x/jose@v5.2.3/runtime/get_sign_verify_key.ts": "f08a086524491a54fb2a0e203819d4ca2b193444aecf6dfbaf6d400431cb439c",
    "https://deno.land/x/jose@v5.2.3/runtime/is_key_like.ts": "d9660a40820d254843721a53b51eb94a4db39a1ee36103ea8c28e2cc2207599b",
    "https://deno.land/x/jose@v5.2.3/runtime/jwk_to_key.ts": "ec0ce6cbbe2e91ee666d7c1cb8e42751dc56a79af3d8183b715874d24f489b4d",
    "https://deno.land/x/jose@v5.2.3/runtime/key_to_jwk.ts": "2af6f52abbe59316fa96771da48538c8f718b6fdd8703d185f8a87ef44c0f064",
    "https://deno.land/x/jose@v5.2.3/runtime/pbes2kw.ts": "ad084eb8dd144df8fd5d7e0b824806e35475398be0d3871c2016c3c467e24b19",
    "https://deno.land/x/jose@v5.2.3/runtime/random.ts": "3e9c8d08208e5dc186ae659535f0018303ff3b56615335bf0dfb5904fe36aab7",
    "https://deno.land/x/jose@v5.2.3/runtime/rsaes.ts": "124b6e87d8569b39d6f550b371303c79e9eb28aa0d9b14025eeaffe50282c987",
    "https://deno.land/x/jose@v5.2.3/runtime/runtime.ts": "d748ecb0c1b57020d6f6c41b4458cce74b4d15ab919c38a0ec32d12cee7f5976",
    "https://deno.land/x/jose@v5.2.3/runtime/sign.ts": "1524f8855538ca5fd607cd681f804ba421b0ec58f562118f3c635324ba053f90",
    "https://deno.land/x/jose@v5.2.3/runtime/subtle_dsa.ts": "bab28945afd1aac19d3142a70f0c44c4b283b581d33cf8e1234889b58338e80d",
    "https://deno.land/x/jose@v5.2.3/runtime/subtle_rsaes.ts": "26147da83932ebf7266d69ddd408f269395de05ddde64ba4e1585571bb61bd93",
    "https://deno.land/x/jose@v5.2.3/runtime/timing_safe_equal.ts": "fc5b3f4132cec56630eac4677fef2b519707a9c6a257f8ae86515b0d86ff5f6b",
    "https://deno.land/x/jose@v5.2.3/runtime/verify.ts": "d391e2286b47485247b475016c66999f5146a1cf8331115385a9ba629251c15e",
    "https://deno.land/x/jose@v5.2.3/runtime/webcrypto.ts": "3365b7d62eaa7e6befe5e2f4f67aa7859805c41b87064433b6e70f94501aa36e",
    "https://deno.land/x/jose@v5.2.3/util/base64url.ts": "d2567042684de8bf1e4f1ad67be40ab343ee192ddf1cf12ff1d940d6c1fa2bcb",
    "https://deno.land/x/jose@v5.2.3/util/decode_jwt.ts": "a7ea5eaf0a2fb99252eda082e9d25bc47181962fb42806b28a12723197bc7814",
    "https://deno.land/x/jose@v5.2.3/util/decode_protected_header.ts": "546eac15dd97d267373cb3d8d9a94ad03481f1328c4457560ffde9a5a595ebe8",
    "https://deno.land/x/jose@v5.2.3/util/errors.ts": "ca227b0dfbc2464bd0940969d2fbffcb80803d25b1dba6385dfe486e2aa0a089",
    "https://deno.land/x/jose@v5.2.3/util/runtime.ts": "088cae7df0d285065f141d880c5c21a572234997082337d1125d7f1603059642",
    "https://deno.land/x/oak@14.2.0/application.ts": "27242ca872580c44321b71e2581bcb7a81004b326b06bb7e90c2625278e405c2",
    "https://deno.land/x/oak@14.2.0/body.ts": "da0ad584c6fb8acbe3ccad288ebb5e5cfd5e65e8186c0f6d43516bb6c11fb968",
    "https://deno.land/x/oak@14.2.0/content_disposition.ts": "8b8c3cb2fba7138cd5b7f82fc3b5ea39b33db924a824b28261659db7e164621e",
    "https://deno.land/x/oak@14.2.0/context.ts": "6a48ba99151478c5f7fd84072f722f9d20dd73816f175f001dbb8716a5225f6f",
    "https://deno.land/x/oak@14.2.0/deps.ts": "9fdb7a99720ad023d609dda13f5d0cb995e8b5cc0e223e08cf2b1fb94c1ddca6",
    "https://deno.land/x/oak@14.2.0/etag.ts": "68d2b34b6bbf41a5e57181f26a90e22ab2f5230d77bf7679b567444fb1a107de",
    "https://deno.land/x/oak@14.2.0/form_data.ts": "dd3599c3b8e47e154434bf43049898187519117403d3494433a68d708f0d1937",
    "https://deno.land/x/oak@14.2.0/forwarded.ts": "97fa621071e4878ce64196055b49cdf8ee63f1bb39185c9446bfb817c209bcc9",
    "https://deno.land/x/oak@14.2.0/headers.ts": "4d74f92a6eda8746473612c04176823e3d12c52189aa4239e624a8ae61835f14",
    "https://deno.land/x/oak@14.2.0/helpers.ts": "d198b50cb13abb1629406882a483c078015d75b3343991ad8ec69aabff879372",
    "https://deno.land/x/oak@14.2.0/http_server_bun.ts": "7d36a3caab01578545257f8d197abc063d30f2df88529ba2e845006c74223910",
    "https://deno.land/x/oak@14.2.0/http_server_native.ts": "ee1598e4bf798a0f6dfc04cde6639d318f73ae25963b13bacc355466e369758a",
    "https://deno.land/x/oak@14.2.0/http_server_native_request.ts": "e34b9ef0e4a52bd3d5d761fff010256612e538aba1bef643c5ea805931e6a410",
    "https://deno.land/x/oak@14.2.0/http_server_node.ts": "9ab25aae469e52aecd4cca85345a8e8ad9af6112a96728c13900ab6d51558ab9",
    "https://deno.land/x/oak@14.2.0/middleware.ts": "5165e0c18f0a3b92bf01ca9d9f0ae211b30ca9b23a9460f11334459a2ff715aa",
    "https://deno.land/x/oak@14.2.0/middleware/proxy.ts": "c136d22c3e396fdee6a9c2e2ba65388bb895d0f82af412c197bc7cda69e5664e",
    "https://deno.land/x/oak@14.2.0/middleware/serve.ts": "83f6559b4cd5e5d30bcbe6acc8478bb7dbcb98af719952bc2810e2d6ead664ea",
    "https://deno.land/x/oak@14.2.0/mod.ts": "0d29f7941ab1f170436a15c3c1f5de4fa94fbe32f4ec79732ed6e06c6b581ceb",
    "https://deno.land/x/oak@14.2.0/node_shims.ts": "4db1569b2b79b73f37c4d947f4aaa50a93e266d48fe67601c8a31af17a28884d",
    "https://deno.land/x/oak@14.2.0/range.ts": "789cb5bc86987843c4ea47e054cad6ceacfbe853c0a57f37a46596b8215c458e",
    "https://deno.land/x/oak@14.2.0/request.ts": "86ea0498e934257ecc07d15ea83493547d9db49a29ae98b4bc76ab234e7d862b",
    "https://deno.land/x/oak@14.2.0/response.ts": "b1985ece7b727d5ba8830ada09318f98ff967b25f63f3e976fc2ebda03b59750",
    "https://deno.land/x/oak@14.2.0/router.ts": "568e45888c8a2a571e983129f337f8a944f492653ec943328dd58a4eb914c599",
    "https://deno.land/x/oak@14.2.0/send.ts": "2ca6b54b16092ab209e2cbea1803947d101c5381bd59a84df5ce44cb1811999d",
    "https://deno.land/x/oak@14.2.0/structured_clone.ts": "a01fa10ea9aae733264557f962630f155873d3bf45dbb2a8e53be5daa1b8cf5a",
    "https://deno.land/x/oak@14.2.0/testing.ts": "157711ade8634f9377ca87147db4317861d51388c82e0da4ae829c142a123db8",
    "https://deno.land/x/oak@14.2.0/types.ts": "09f0494db5d642e3492d23cd46da665d2df2590ef7e987b0412659260453d1f9",
    "https://deno.land/x/oak@14.2.0/util.ts": "22fb55001472158ed4bdf53ce1a6848e10860507aa9a2e16d0b92d2b420f2a90",
    "https://deno.land/x/oak_cors@v0.1.1/deps.ts": "431d0e88b1d0e5065bd13624ec1e3a0b7069efce7dd43dad3cf8a5a041fa5575",
    "https://deno.land/x/oak_cors@v0.1.1/mod.ts": "0db150e12c8e018ca7493866555e674c76bebfbd843ef53aa45b5ae4d17d6d6a",
    "https://deno.land/x/oak_cors@v0.1.1/src/cors.ts": "d8cea90fdcd86ac0a4225b4d1f048ebf0e162efc32c686456fbb4a7d48bc824d",
    "https://deno.land/x/oak_cors@v0.1.1/src/types.ts": "a5066b49c4670ca543ee271ffccddd6a7a5e2c496259441fc711a4f65c57819b",
    "https://deno.land/x/simplewebauthn@v9.0.3/deno/server.ts": "d5fb66d4a73c20435f33105dad7f41a02fa156fcfde2efb4a035788cceacbcce",
    "https://deno.land/x/simplewebauthn@v9.0.3/packages/server/src/authentication/generateAuthenticationOptions.ts": "725838900837deb1065163a52db5b8625675f61e610930b64d1e0448bbd7af42",
    "https://deno.land/x/simplewebauthn@v9.0.3/packages/server/src/authentication/verifyAuthenticationResponse.ts": "abc9cd788348c9868ee1650fc5cdee1335dd575f13cd8d64e1a9f48a95d93c61",
    "https://deno.land/x/simplewebauthn@v9.0.3/packages/server/src/deps.ts": "53ead13d6c360e78a854e1e9d3d5d3c1fb031a877ccf05daab19d046fb5250b5",
    "https://deno.land/x/simplewebauthn@v9.0.3/packages/server/src/helpers/convertAAGUIDToString.ts": "fe81f111f9e471c70137735136c74655cd3f43571210b9bdb37138aec525239c",
    "https://deno.land/x/simplewebauthn@v9.0.3/packages/server/src/helpers/convertCOSEtoPKCS.ts": "5f5bb74506ebf7adb1f715228ed1b80eba88e164745750815a0022f4057d826e",
    "https://deno.land/x/simplewebauthn@v9.0.3/packages/server/src/helpers/convertCertBufferToPEM.ts": "ba88dfae82dbf0b33a09253f3e36fec4ea4cac3502620a59352fa358263315be",
    "https://deno.land/x/simplewebauthn@v9.0.3/packages/server/src/helpers/convertPEMToBytes.ts": "15703899b7281329714a041c63a2b00ca3595dc9dacfcd6392feca12717cd710",
    "https://deno.land/x/simplewebauthn@v9.0.3/packages/server/src/helpers/convertX509PublicKeyToCOSE.ts": "878811cdc41e83bd8dc1c68c151c0858d68f93eb89456d89221c95b583f9c066",
    "https://deno.land/x/simplewebauthn@v9.0.3/packages/server/src/helpers/cose.ts": "ec3fd62d5037e58d57ab5594780a45d7f4eb9daf2ada0dfbd8f657b7e2b500e5",
    "https://deno.land/x/simplewebauthn@v9.0.3/packages/server/src/helpers/decodeAttestationObject.ts": "bfc47ef24cce4d52a7fcab3c329089be3f4445b79e999696e1d0cd273c45e91c",
    "https://deno.land/x/simplewebauthn@v9.0.3/packages/server/src/helpers/decodeAuthenticatorExtensions.ts": "dcebe88c914888c6bd04ad43b8a655a619d3eceba5af26d015aea634f6504367",
    "https://deno.land/x/simplewebauthn@v9.0.3/packages/server/src/helpers/decodeClientDataJSON.ts": "3269e45463d9c6a53056ce641e656ffdfe1a0947dde30239e7495a75af4ac6cc",
    "https://deno.land/x/simplewebauthn@v9.0.3/packages/server/src/helpers/decodeCredentialPublicKey.ts": "e0fb424a46b2748b42c701a6df12bcfbb9884b9dd68d40d36525f2a9f35f6de6",
    "https://deno.land/x/simplewebauthn@v9.0.3/packages/server/src/helpers/fetch.ts": "b499cef15c269b1a917e50ac6aaabcbedfb560658046c30e75606b9eee650512",
    "https://deno.land/x/simplewebauthn@v9.0.3/packages/server/src/helpers/generateChallenge.ts": "8aa11e3754386df0dc41894f6c51d22f99a84686554c63179e014082a4c4ff1d",
    "https://deno.land/x/simplewebauthn@v9.0.3/packages/server/src/helpers/getCertificateInfo.ts": "c8b15bd1286a22ef8ec5b4738ad87e5d804e9694e96998c1075230cd246424e8",
    "https://deno.land/x/simplewebauthn@v9.0.3/packages/server/src/helpers/index.ts": "95def22230dba13cc72ac92e4f6e5aa2d2bc4ec1dffcf3613182be4d031c6306",
    "https://deno.land/x/simplewebauthn@v9.0.3/packages/server/src/helpers/isCertRevoked.ts": "29c4bbb8df05fb6f8d4401fab22c8f02ec477bd4cc00146a26fbc96e3caac6f7",
    "https://deno.land/x/simplewebauthn@v9.0.3/packages/server/src/helpers/iso/index.ts": "3784b094dbe78301b04a6c1748fd96d1ad1f1e0aa5a9e305178c6dd90f42e9df",
    "https://deno.land/x/simplewebauthn@v9.0.3/packages/server/src/helpers/iso/isoBase64URL.ts": "8c8cafb9efa9d513416ce2b5714e4c9c99322db3c52dd99dec982127c7fc94b5",
    "https://deno.land/x/simplewebauthn@v9.0.3/packages/server/src/helpers/iso/isoCBOR.ts": "51c82d07befb72f147cbacbe6595133f863cecbbb46f24774ba9fe7e39939dec",
    "https://deno.land/x/simplewebauthn@v9.0.3/packages/server/src/helpers/iso/isoCrypto/digest.ts": "d0aadc03f2009e60034b8b6f101b311ee28729abbd4ac15999a5e777f325bf07",
    "https://deno.land/x/simplewebauthn@v9.0.3/packages/server/src/helpers/iso/isoCrypto/getRandomValues.ts": "e9541c19f0fb14fb02254780a53e97c991faa607d7383cafb45bb036d198986e",
    "https://deno.land/x/simplewebauthn@v9.0.3/packages/server/src/helpers/iso/isoCrypto/getWebCrypto.ts": "8d98bc296aee0f1fb3507a726949f67a098f60aee321c5075501e5572da023ca",
    "https://deno.land/x/simplewebauthn@v9.0.3/packages/server/src/helpers/iso/isoCrypto/importKey.ts": "9e8454a14a91f0c9bef68877482d644a7f6c007bee858b9c6e901e3a6aa75c42",
    "https://deno.land/x/simplewebauthn@v9.0.3/packages/server/src/helpers/iso/isoCrypto/index.ts": "b150779bfc29c6f034424f083aa6308d6f16de7bcbef89cae504d1cdd0123a11",
    "https://deno.land/x/simplewebauthn@v9.0.3/packages/server/src/helpers/iso/isoCrypto/mapCoseAlgToWebCryptoAlg.ts": "9569ac0fc263a5d817d07b7931db55561b1419ba1d621da4ac569ca4d3c4d7c0",
    "https://deno.land/x/simplewebauthn@v9.0.3/packages/server/src/helpers/iso/isoCrypto/mapCoseAlgToWebCryptoKeyAlgName.ts": "eb73953837c35ecb51b8247f07cb5916ed933afc5e5cccd5a671af00834dd3c3",
    "https://deno.land/x/simplewebauthn@v9.0.3/packages/server/src/helpers/iso/isoCrypto/structs.ts": "608d961cb8c28d28bba55012c8a94d77428a4437606bbd3980882db26ede4d22",
    "https://deno.land/x/simplewebauthn@v9.0.3/packages/server/src/helpers/iso/isoCrypto/unwrapEC2Signature.ts": "f039f482af27bb76bb4033aa07d6d11b77805c8553f9feec956073d8a6bc5534",
    "https://deno.land/x/simplewebauthn@v9.0.3/packages/server/src/helpers/iso/isoCrypto/verify.ts": "935d510566e83dbc7b61611dcfb8a73c8d5dd3fd381a9149ad04448cf456dd3b",
    "https://deno.land/x/simplewebauthn@v9.0.3/packages/server/src/helpers/iso/isoCrypto/verifyEC2.ts": "45ba1516ee8af53e97259e72fdad5cd75d330c4f79155ceb9af3a6046c39ac5d",
    "https://deno.land/x/simplewebauthn@v9.0.3/packages/server/src/helpers/iso/isoCrypto/verifyOKP.ts": "aabd359ddb7fb8c2f5126ba13b17524acb4571c34f2480d7605983d91c63fe91",
    "https://deno.land/x/simplewebauthn@v9.0.3/packages/server/src/helpers/iso/isoCrypto/verifyRSA.ts": "1107437956836e0efced72dc3d7a545e7aff0c7efb0c792cfe3995ec2da78cfd",
    "https://deno.land/x/simplewebauthn@v9.0.3/packages/server/src/helpers/iso/isoUint8Array.ts": "831458ebeeec60baced0b3fb8417f2984f87a514fae6804c9264e3bc203be6de",
    "https://deno.land/x/simplewebauthn@v9.0.3/packages/server/src/helpers/logging.ts": "0d6cc9f2e86ef8dafebb2951520c146fad9cc88163888f3e451a6febe319d7cc",
    "https://deno.land/x/simplewebauthn@v9.0.3/packages/server/src/helpers/mapX509SignatureAlgToCOSEAlg.ts": "3f3fd252841cdca24d9675b01ff7f8ddde1bddaa773d300654f29c01eb596e6b",
    "https://deno.land/x/simplewebauthn@v9.0.3/packages/server/src/helpers/matchExpectedRPID.ts": "cdf33833c239df6d1b4d798d15e9c97f668c8a4fcfc801bf382f4d7e5c1fd6c2",
    "https://deno.land/x/simplewebauthn@v9.0.3/packages/server/src/helpers/parseAuthenticatorData.ts": "5e66fd5c6808ca109d60bbc36fc4bacfa96fab39d98cff9c9af1ee3186dc1a2d",
    "https://deno.land/x/simplewebauthn@v9.0.3/packages/server/src/helpers/parseBackupFlags.ts": "9947faa40fc6804ccf591889e0256c7cee2f5684198ccf74bf9ce76bddd04cbf",
    "https://deno.land/x/simplewebauthn@v9.0.3/packages/server/src/helpers/toHash.ts": "e376dc4d5843b57dbb00ca13d0957d7c3779441753445e74dd02f78e81c73433",
    "https://deno.land/x/simplewebauthn@v9.0.3/packages/server/src/helpers/validateCertificatePath.ts": "c99e02bff67aae47ba6e4367ae9b5802651cbd96d075a191c2f25f319fa2cd7c",
    "https://deno.land/x/simplewebauthn@v9.0.3/packages/server/src/helpers/verifySignature.ts": "d7c86bbacd88d48c0a4f4c14956940121e8222cab95f058ff74602dc5e613bbf",
    "https://deno.land/x/simplewebauthn@v9.0.3/packages/server/src/index.ts": "a2f3501cc9a8a7dc375bb809b424c0f926d211ba8dde68984200f87d20d6ff9f",
    "https://deno.land/x/simplewebauthn@v9.0.3/packages/server/src/metadata/mdsTypes.ts": "2a2a69cab599cfdac61fb902991e4b71e9b5920e35bb6423ad2bafc99b599519",
    "https://deno.land/x/simplewebauthn@v9.0.3/packages/server/src/metadata/parseJWT.ts": "8b2232454095d74175e7e8ebd1471e91a70097287175b51ca45cda7c1a00a700",
    "https://deno.land/x/simplewebauthn@v9.0.3/packages/server/src/metadata/verifyAttestationWithMetadata.ts": "b67f5870a58fdf5eac1a7d19b7f766aa184afea531e661815b5db867a93c26ad",
    "https://deno.land/x/simplewebauthn@v9.0.3/packages/server/src/metadata/verifyJWT.ts": "9e8e9109423f57b78668a4cc0240eb704d25719884d8aabfec517ce1e9497507",
    "https://deno.land/x/simplewebauthn@v9.0.3/packages/server/src/registration/generateRegistrationOptions.ts": "9c260071cc41987775d410b96bc9ebcceec5f95ff25477dcfae93592c261d3af",
    "https://deno.land/x/simplewebauthn@v9.0.3/packages/server/src/registration/verifications/tpm/constants.ts": "2fe2d47df17d6562fa40a192f69e54ae6603e0502972bdf33d17a66a0d8d7810",
    "https://deno.land/x/simplewebauthn@v9.0.3/packages/server/src/registration/verifications/tpm/parseCertInfo.ts": "4bb59004c0c5ac5a2b77634e5d05913cb8bbadb6085003cacb2ef0acf338324b",
    "https://deno.land/x/simplewebauthn@v9.0.3/packages/server/src/registration/verifications/tpm/parsePubArea.ts": "da01b78133df3336aa183948736a5acea0ac79405566160a01156986bb4f3470",
    "https://deno.land/x/simplewebauthn@v9.0.3/packages/server/src/registration/verifications/tpm/verifyAttestationTPM.ts": "8fb24a42e867803bb1513d4dd8e242f4c525f1a27fb1e6f90d1416ba8c6f4ec2",
    "https://deno.land/x/simplewebauthn@v9.0.3/packages/server/src/registration/verifications/verifyAttestationAndroidKey.ts": "fd7b4a8c543919c2731131a16ed04fe23906502d12e6c1c8dd3bfd270bf54bb7",
    "https://deno.land/x/simplewebauthn@v9.0.3/packages/server/src/registration/verifications/verifyAttestationAndroidSafetyNet.ts": "2a58ccee4d46d23ab2b4aa07715e9f717745492f0e81b38426d0a05353f1d0a6",
    "https://deno.land/x/simplewebauthn@v9.0.3/packages/server/src/registration/verifications/verifyAttestationApple.ts": "423b77664a95e55d2d84805049d2c941d36ad67f28392914b2d930914f3779bb",
    "https://deno.land/x/simplewebauthn@v9.0.3/packages/server/src/registration/verifications/verifyAttestationFIDOU2F.ts": "ae088ac53b781855702c51d97f6c8346e9e0b1252adeab7731fa502f48fb80eb",
    "https://deno.land/x/simplewebauthn@v9.0.3/packages/server/src/registration/verifications/verifyAttestationPacked.ts": "dbcdf4de0ba633db89d04a00070d2a230286e0fc2c6627010340a5d0f2c868ca",
    "https://deno.land/x/simplewebauthn@v9.0.3/packages/server/src/registration/verifyRegistrationResponse.ts": "94e1368fbfd70a1c13576075cd7da357979bd4adedd504a54d79127df0d82bc7",
    "https://deno.land/x/simplewebauthn@v9.0.3/packages/server/src/services/defaultRootCerts/android-key.ts": "3c3d0ef780cb6718178e25c77de5fb2cb6911eb1d91ff9648b7e470de8c0c3af",
    "https://deno.land/x/simplewebauthn@v9.0.3/packages/server/src/services/defaultRootCerts/android-safetynet.ts": "19979981d707f6b1507b87ffc0a5f37dfabcdd10cdb239f0a10c2afbf862099e",
    "https://deno.land/x/simplewebauthn@v9.0.3/packages/server/src/services/defaultRootCerts/apple.ts": "da104fff89ac80b264078ae2c669f28bf122ac68d2a108f731265e2767acabbe",
    "https://deno.land/x/simplewebauthn@v9.0.3/packages/server/src/services/defaultRootCerts/mds.ts": "b20054c27a1f98aff9f3eef6a3fb2e9bd2c3c4e5fab8814800e002bd96e771ff",
    "https://deno.land/x/simplewebauthn@v9.0.3/packages/server/src/services/metadataService.ts": "787e965a8dceb915194bbe9cc1c00b32fd4e0737eba37fc1071017b0c0ad452b",
    "https://deno.land/x/simplewebauthn@v9.0.3/packages/server/src/services/settingsService.ts": "0c26df6d75fb5cf0532027a9463ff25d2d4af4dcc153f9d02f0d5c4b8f9b45f6",
    "https://deno.land/x/simplewebauthn@v9.0.3/packages/types/src/dom.ts": "80e02fde62c48482337b9ccc5ea248b2ba425f0c572a5dfe3eddfce05acbbe2d",
    "https://deno.land/x/simplewebauthn@v9.0.3/packages/types/src/index.ts": "f5f7a6915c119a803213ee01b0ca0337a6885912cb1597757947e805b4eb8ca1",
    "https://deno.land/x/tiny_cbor@0.2.2/cbor/cbor.ts": "b10fc7cd694887111cbcb9da87f0235cc954ee377b7122af3bbaccd422460e72",
    "https://deno.land/x/tiny_cbor@0.2.2/cbor/cbor_internal.ts": "0cde2b1d2cb08503b6f44c1789736376eac2f5d0ed10db9f73b16caa356c8bd7",
    "https://deno.land/x/tiny_cbor@0.2.2/index.ts": "a45c8abd3874ab05dea33af17b2da88376364d6966fcbf2c5da5520a0a9b9d98",
    "https://deno.land/x/vary@1.0.0/mod.ts": "e7c452694b21336419f16e0891f8ea503adaafc7bde956fb29e1a86f450a68e6",
    "https://deno.land/x/xhr@0.3.0/mod.ts": "094aacd627fd9635cd942053bf8032b5223b909858fa9dc8ffa583752ff63b20",
    "https://deno.land/x/zod@v3.22.4/ZodError.ts": "4de18ff525e75a0315f2c12066b77b5c2ae18c7c15ef7df7e165d63536fdf2ea",
    "https://deno.land/x/zod@v3.22.4/errors.ts": "5285922d2be9700cc0c70c95e4858952b07ae193aa0224be3cbd5cd5567eabef",
    "https://deno.land/x/zod@v3.22.4/external.ts": "a6cfbd61e9e097d5f42f8a7ed6f92f93f51ff927d29c9fbaec04f03cbce130fe",
    "https://deno.land/x/zod@v3.22.4/helpers/enumUtil.ts": "54efc393cc9860e687d8b81ff52e980def00fa67377ad0bf8b3104f8a5bf698c",
    "https://deno.land/x/zod@v3.22.4/helpers/errorUtil.ts": "7a77328240be7b847af6de9189963bd9f79cab32bbc61502a9db4fe6683e2ea7",
    "https://deno.land/x/zod@v3.22.4/helpers/parseUtil.ts": "f791e6e65a0340d85ad37d26cd7a3ba67126cd9957eac2b7163162155283abb1",
    "https://deno.land/x/zod@v3.22.4/helpers/partialUtil.ts": "998c2fe79795257d4d1cf10361e74492f3b7d852f61057c7c08ac0a46488b7e7",
    "https://deno.land/x/zod@v3.22.4/helpers/typeAliases.ts": "0fda31a063c6736fc3cf9090dd94865c811dfff4f3cb8707b932bf937c6f2c3e",
    "https://deno.land/x/zod@v3.22.4/helpers/util.ts": "8baf19b19b2fca8424380367b90364b32503b6b71780269a6e3e67700bb02774",
    "https://deno.land/x/zod@v3.22.4/index.ts": "d27aabd973613985574bc31f39e45cb5d856aa122ef094a9f38a463b8ef1a268",
    "https://deno.land/x/zod@v3.22.4/locales/en.ts": "a7a25cd23563ccb5e0eed214d9b31846305ddbcdb9c5c8f508b108943366ab4c",
    "https://deno.land/x/zod@v3.22.4/mod.ts": "64e55237cb4410e17d968cd08975566059f27638ebb0b86048031b987ba251c4",
    "https://deno.land/x/zod@v3.22.4/types.ts": "724185522fafe43ee56a52333958764c8c8cd6ad4effa27b42651df873fc151e",
    "https://esm.sh/@peculiar/asn1-android@2.3.10": "5840990eabf2bb7b8caaa637dbcb2839c2f3c7eec035e4de15757f0905d356b7",
    "https://esm.sh/@peculiar/asn1-ecc@2.3.8": "eb524e991d210eae5d20171443cb3aceb08317e0a9f0ac845fc381d408d733c0",
    "https://esm.sh/@peculiar/asn1-rsa@2.3.8": "22dc64c7d9cf4e33e3c33c319e7185d0eacf2d22505174f3955a0bbc89e8b822",
    "https://esm.sh/@peculiar/asn1-schema@2.3.8": "f6523c00d07906aee44b7e49015161e194507a9d68cc0ae57c8bce08a7e1cb2e",
    "https://esm.sh/@peculiar/asn1-x509@2.3.8": "22e1e9aa9006b43cf627bd4ab7b3566140c907636e48cec7f234075d7358aa02",
    "https://esm.sh/@supabase/supabase-js@2.42.0": "4828e9cc4af2357c70f1943a243f3235031432ed41f758c30655be969512575e",
    "https://esm.sh/color-name-list@10.20.2": "151583aeced2482aabb3b2a830f47f44896f66f005513ecf066eeb6e2feb1fee",
    "https://esm.sh/colord@2.9.3": "b6846f7c59f4854361c91ca5deadd4ea9308df60aafc51f5cf054346f5d06009",
    "https://esm.sh/colord@2.9.3/plugins/lab.js": "38495d33bc5cfb3f4e4db91e3ab2a2ac1327a0c5ad59e38a5e5d862799e6afc5",
    "https://esm.sh/cross-fetch@4.0.0": "83dff96b79263034a2ce78cb58d2b3fac47a6b683b950b2344f255fd7d426b1d",
    "https://esm.sh/v135/@peculiar/asn1-android@2.3.10/denonext/asn1-android.mjs": "6eb3691895b655e7d19ebc696daada6b6d18d08286b383e2c8258ff59f124397",
    "https://esm.sh/v135/@peculiar/asn1-ecc@2.3.8/denonext/asn1-ecc.mjs": "badf4a8fd101357e263b00e46ef191eba2c129933d66f2136af484a2cefd2b32",
    "https://esm.sh/v135/@peculiar/asn1-rsa@2.3.8/denonext/asn1-rsa.mjs": "7464876430ea6c7f15dc191440cc963d4d900d75b2555457f97a27ae44d90284",
    "https://esm.sh/v135/@peculiar/asn1-schema@2.3.8/denonext/asn1-schema.mjs": "38e998eae72df5018b54a2e4bbd75adea986dc8c5655247cb03da861f314d50d",
    "https://esm.sh/v135/@peculiar/asn1-x509@2.3.8/denonext/asn1-x509.mjs": "7dcf12c3ae2f3bf63158d057b60a8a95b5a4041c69325da03c075e12ce9c0f21",
    "https://esm.sh/v135/@supabase/auth-js@2.63.0/denonext/auth-js.mjs": "626ae8dd2177c4437d6ba38f9aa1f97bd8e19c59386bd7edda465cc71d34e3f1",
    "https://esm.sh/v135/@supabase/functions-js@2.2.2/denonext/functions-js.mjs": "2115a8e67eb5058e0633fcea1bc304d8b1a7a8534ac194e18caf67f3a112a5e4",
    "https://esm.sh/v135/@supabase/node-fetch@2.6.15/denonext/node-fetch.mjs": "efad00ea3d4cbe1bee688836ef75339d49a1981bc5728a13e9ad5f26791d5efb",
    "https://esm.sh/v135/@supabase/postgrest-js@1.15.0/denonext/postgrest-js.mjs": "824ad68b13c6232f3e4520eae5a2ca08c937d43c62485df69dc6520062dbd0de",
    "https://esm.sh/v135/@supabase/realtime-js@2.9.3/denonext/realtime-js.mjs": "22f025f3a7f744aad39f538fdac296095eb8ec33974c24dc7168571493c707ec",
    "https://esm.sh/v135/@supabase/storage-js@2.5.5/denonext/storage-js.mjs": "66e29e4e55c7d396503e2d1d9376cfbc34f046b962bce4524c2d80b209fff413",
    "https://esm.sh/v135/@supabase/supabase-js@2.42.0/denonext/supabase-js.mjs": "0269571ba1b3e42fc36456b8c74fe24b0dd2f29e68e8e76e019704f9506fdd0c",
    "https://esm.sh/v135/asn1js@3.0.5/denonext/asn1js.mjs": "82d0da865ca1875486c26f86b51c80183e73fcedd32586eaeeb5980c16458c53",
    "https://esm.sh/v135/bufferutil@4.0.8/denonext/bufferutil.mjs": "60a4618cbd1a5cb24935c55590b793d4ecb33862357d32e1d4614a0bbb90947f",
    "https://esm.sh/v135/color-name-list@10.20.2/denonext/color-name-list.mjs": "9234c6d73bc64729a4c142e2bf638e7afb9787b6c05a2f1975485b1969e4e1e8",
    "https://esm.sh/v135/colord@2.9.3/denonext/colord.mjs": "b449a810d616cbf4f44abfe847bd68d7a65644feb9e600796a7bcb62b0dc992e",
    "https://esm.sh/v135/colord@2.9.3/denonext/plugins/lab.js": "8be53d57fc39a10bd844743a6553badf97accc515abe5ded403053e62dcec971",
    "https://esm.sh/v135/cross-fetch@4.0.0/denonext/cross-fetch.mjs": "238eae32034ab217cdbef10b812c7357f61ab2730c58207f4cf9135e9dec7a61",
    "https://esm.sh/v135/ipaddr.js@2.1.0/denonext/ipaddr.mjs": "214c1ee845e73e7c51ba673b36e7e6b9c5d8e8fb1fc19443444ad9cec44adf7e",
    "https://esm.sh/v135/node-gyp-build@4.6.1/denonext/node-gyp-build.mjs": "5d28b312f145a6cb2ec0dbdd80a7d34c0e0e6b5dcada65411d8bcff6c8991cc6",
    "https://esm.sh/v135/pvtsutils@1.3.5/denonext/pvtsutils.mjs": "016782b990e2652a326cf1d8984c2adc4552171da902cc73dc8e12ffdbe3a100",
    "https://esm.sh/v135/pvutils@1.1.3/denonext/pvutils.mjs": "ad156a239ec0f1aa99f123fab44abc292c87d4fd6969d7af264436630457523c",
    "https://esm.sh/v135/tslib@2.6.2/denonext/tslib.mjs": "29782bcd3139f77ec063dc5a9385c0fff4a8d0a23b6765c73d9edeb169a04bf1",
    "https://esm.sh/v135/utf-8-validate@6.0.3/denonext/utf-8-validate.mjs": "410c48d66840e987e474a4849cd25829817415cedd25466280effb1287d05aa5",
    "https://esm.sh/v135/ws@8.16.0/denonext/ws.mjs": "0fa0c00b69577ba36d0a36001329b2cec91498cb2e33e329fc76aa6d51a0d54d"
  }
}
